
Microsoft Visual Studio Solution File, Format Version 12.00
# Visual Studio Version 16
VisualStudioVersion = 16.0.31424.327
MinimumVisualStudioVersion = 10.0.40219.1
Project("{FAE04EC0-301F-11D3-BF4B-00C04F79EFBC}") = "Opacidad", "Opacidad\Opacidad.csproj", "{CAA13B8A-8E31-4B7E-8F57-9E6CC29860ED}"
EndProject
Global
	GlobalSection(SolutionConfigurationPlatforms) = preSolution
		Debug|Any CPU = Debug|Any CPU
		Release|Any CPU = Release|Any CPU
	EndGlobalSection
	GlobalSection(ProjectConfigurationPlatforms) = postSolution
		{CAA13B8A-8E31-4B7E-8F57-9E6CC29860ED}.Debug|Any CPU.ActiveCfg = Debug|Any CPU
		{CAA13B8A-8E31-4B7E-8F57-9E6CC29860ED}.Debug|Any CPU.Build.0 = Debug|Any CPU
		{CAA13B8A-8E31-4B7E-8F57-9E6CC29860ED}.Release|Any CPU.ActiveCfg = Release|Any CPU
		{CAA13B8A-8E31-4B7E-8F57-9E6CC29860ED}.Release|Any CPU.Build.0 = Release|Any CPU
	EndGlobalSection
	GlobalSection(SolutionProperties) = preSolution
		HideSolutionNode = FALSE
	EndGlobalSection
	GlobalSection(ExtensibilityGlobals) = postSolution
		SolutionGuid = {373B1208-BC7E-4535-B524-0653FF641843}
	EndGlobalSection
EndGlobal
